
Microsoft Visual Studio Solution File, Format Version 12.00
# Visual Studio Version 16
VisualStudioVersion = 16.0.31205.134
MinimumVisualStudioVersion = 10.0.40219.1
Project("{FAE04EC0-301F-11D3-BF4B-00C04F79EFBC}") = "ScriptTrainer", "ScriptTrainer\ScriptTrainer.csproj", "{18AD706A-D68D-4933-81B7-159CCA1CE2D4}"
EndProject
Global
	GlobalSection(SolutionConfigurationPlatforms) = preSolution
		Debug|Any CPU = Debug|Any CPU
		Release|Any CPU = Release|Any CPU
	EndGlobalSection
	GlobalSection(ProjectConfigurationPlatforms) = postSolution
		{18AD706A-D68D-4933-81B7-159CCA1CE2D4}.Debug|Any CPU.ActiveCfg = Debug|Any CPU
		{18AD706A-D68D-4933-81B7-159CCA1CE2D4}.Debug|Any CPU.Build.0 = Debug|Any CPU
		{18AD706A-D68D-4933-81B7-159CCA1CE2D4}.Release|Any CPU.ActiveCfg = Release|Any CPU
		{18AD706A-D68D-4933-81B7-159CCA1CE2D4}.Release|Any CPU.Build.0 = Release|Any CPU
	EndGlobalSection
	GlobalSection(SolutionProperties) = preSolution
		HideSolutionNode = FALSE
	EndGlobalSection
	GlobalSection(ExtensibilityGlobals) = postSolution
		SolutionGuid = {C8097D17-B042-4595-949B-F565D9830E3F}
	EndGlobalSection
EndGlobal
