
Microsoft Visual Studio Solution File, Format Version 12.00
# Visual Studio Version 16
VisualStudioVersion = 16.0.31729.503
MinimumVisualStudioVersion = 10.0.40219.1
Project("{FAE04EC0-301F-11D3-BF4B-00C04F79EFBC}") = "ScriptTrainer", "ScriptTrainer\ScriptTrainer.csproj", "{592E4AA6-8DC6-4E1C-8BF7-04AC825D196F}"
EndProject
Global
	GlobalSection(SolutionConfigurationPlatforms) = preSolution
		Debug|Any CPU = Debug|Any CPU
		Release|Any CPU = Release|Any CPU
	EndGlobalSection
	GlobalSection(ProjectConfigurationPlatforms) = postSolution
		{592E4AA6-8DC6-4E1C-8BF7-04AC825D196F}.Debug|Any CPU.ActiveCfg = Debug|Any CPU
		{592E4AA6-8DC6-4E1C-8BF7-04AC825D196F}.Debug|Any CPU.Build.0 = Debug|Any CPU
		{592E4AA6-8DC6-4E1C-8BF7-04AC825D196F}.Release|Any CPU.ActiveCfg = Release|Any CPU
		{592E4AA6-8DC6-4E1C-8BF7-04AC825D196F}.Release|Any CPU.Build.0 = Release|Any CPU
	EndGlobalSection
	GlobalSection(SolutionProperties) = preSolution
		HideSolutionNode = FALSE
	EndGlobalSection
	GlobalSection(ExtensibilityGlobals) = postSolution
		SolutionGuid = {B0EF894A-3305-444C-9502-C93ED94B854B}
	EndGlobalSection
EndGlobal
