
Microsoft Visual Studio Solution File, Format Version 12.00
# Visual Studio Version 17
VisualStudioVersion = 17.5.002.0
MinimumVisualStudioVersion = 10.0.40219.1
Project("{9A19103F-16F7-4668-BE54-9A1E7A4F7556}") = "ScriptTrainer", "ScriptTrainer\ScriptTrainer.csproj", "{C2761461-422A-406B-B113-13C1790CB00E}"
EndProject
Global
	GlobalSection(SolutionConfigurationPlatforms) = preSolution
		Debug|Any CPU = Debug|Any CPU
		Release|Any CPU = Release|Any CPU
	EndGlobalSection
	GlobalSection(ProjectConfigurationPlatforms) = postSolution
		{C2761461-422A-406B-B113-13C1790CB00E}.Debug|Any CPU.ActiveCfg = Debug|Any CPU
		{C2761461-422A-406B-B113-13C1790CB00E}.Debug|Any CPU.Build.0 = Debug|Any CPU
		{C2761461-422A-406B-B113-13C1790CB00E}.Release|Any CPU.ActiveCfg = Release|Any CPU
		{C2761461-422A-406B-B113-13C1790CB00E}.Release|Any CPU.Build.0 = Release|Any CPU
	EndGlobalSection
	GlobalSection(SolutionProperties) = preSolution
		HideSolutionNode = FALSE
	EndGlobalSection
	GlobalSection(ExtensibilityGlobals) = postSolution
		SolutionGuid = {2DF89395-8F34-4F87-9D60-90B9A7A7E322}
	EndGlobalSection
EndGlobal
