
Microsoft Visual Studio Solution File, Format Version 12.00
# Visual Studio Version 17
VisualStudioVersion = 17.2.32602.215
MinimumVisualStudioVersion = 10.0.40219.1
Project("{FAE04EC0-301F-11D3-BF4B-00C04F79EFBC}") = "ScriptTrainer", "ScriptTrainer\ScriptTrainer.csproj", "{BF5359C7-5F37-4C5B-92E7-81A14117A278}"
EndProject
Global
	GlobalSection(SolutionConfigurationPlatforms) = preSolution
		Debug|Any CPU = Debug|Any CPU
		Release|Any CPU = Release|Any CPU
	EndGlobalSection
	GlobalSection(ProjectConfigurationPlatforms) = postSolution
		{BF5359C7-5F37-4C5B-92E7-81A14117A278}.Debug|Any CPU.ActiveCfg = Debug|Any CPU
		{BF5359C7-5F37-4C5B-92E7-81A14117A278}.Debug|Any CPU.Build.0 = Debug|Any CPU
		{BF5359C7-5F37-4C5B-92E7-81A14117A278}.Release|Any CPU.ActiveCfg = Release|Any CPU
		{BF5359C7-5F37-4C5B-92E7-81A14117A278}.Release|Any CPU.Build.0 = Release|Any CPU
	EndGlobalSection
	GlobalSection(SolutionProperties) = preSolution
		HideSolutionNode = FALSE
	EndGlobalSection
	GlobalSection(ExtensibilityGlobals) = postSolution
		SolutionGuid = {18D7458C-7A86-4B2B-816F-232C2BD11CFF}
	EndGlobalSection
EndGlobal
