
Microsoft Visual Studio Solution File, Format Version 12.00
# Visual Studio Version 16
VisualStudioVersion = 16.0.30717.126
MinimumVisualStudioVersion = 10.0.40219.1
Project("{FAE04EC0-301F-11D3-BF4B-00C04F79EFBC}") = "ScriptTrainer", "ScriptTrainer\ScriptTrainer.csproj", "{6F168460-3C1C-45C2-8A21-6600C8B3CFE4}"
EndProject
Global
	GlobalSection(SolutionConfigurationPlatforms) = preSolution
		Debug|Any CPU = Debug|Any CPU
		Release|Any CPU = Release|Any CPU
	EndGlobalSection
	GlobalSection(ProjectConfigurationPlatforms) = postSolution
		{6F168460-3C1C-45C2-8A21-6600C8B3CFE4}.Debug|Any CPU.ActiveCfg = Debug|Any CPU
		{6F168460-3C1C-45C2-8A21-6600C8B3CFE4}.Debug|Any CPU.Build.0 = Debug|Any CPU
		{6F168460-3C1C-45C2-8A21-6600C8B3CFE4}.Release|Any CPU.ActiveCfg = Release|Any CPU
		{6F168460-3C1C-45C2-8A21-6600C8B3CFE4}.Release|Any CPU.Build.0 = Release|Any CPU
	EndGlobalSection
	GlobalSection(SolutionProperties) = preSolution
		HideSolutionNode = FALSE
	EndGlobalSection
	GlobalSection(ExtensibilityGlobals) = postSolution
		SolutionGuid = {8F12C070-0089-4631-B67B-E32C4E2DB4DE}
	EndGlobalSection
EndGlobal
