
Microsoft Visual Studio Solution File, Format Version 12.00
# Visual Studio Version 17
VisualStudioVersion = 17.5.002.0
MinimumVisualStudioVersion = 10.0.40219.1
Project("{9A19103F-16F7-4668-BE54-9A1E7A4F7556}") = "ScriptTrainer", "ScriptTrainer.csproj", "{8D703630-6F9C-486A-8CF3-BFC3AC8ABFCD}"
EndProject
Global
	GlobalSection(SolutionConfigurationPlatforms) = preSolution
		Debug|Any CPU = Debug|Any CPU
		Release|Any CPU = Release|Any CPU
	EndGlobalSection
	GlobalSection(ProjectConfigurationPlatforms) = postSolution
		{8D703630-6F9C-486A-8CF3-BFC3AC8ABFCD}.Debug|Any CPU.ActiveCfg = Debug|Any CPU
		{8D703630-6F9C-486A-8CF3-BFC3AC8ABFCD}.Debug|Any CPU.Build.0 = Debug|Any CPU
		{8D703630-6F9C-486A-8CF3-BFC3AC8ABFCD}.Release|Any CPU.ActiveCfg = Release|Any CPU
		{8D703630-6F9C-486A-8CF3-BFC3AC8ABFCD}.Release|Any CPU.Build.0 = Release|Any CPU
	EndGlobalSection
	GlobalSection(SolutionProperties) = preSolution
		HideSolutionNode = FALSE
	EndGlobalSection
	GlobalSection(ExtensibilityGlobals) = postSolution
		SolutionGuid = {D2DAF919-99A1-4FB9-A07E-18CBDA017641}
	EndGlobalSection
EndGlobal
